
Microsoft Visual Studio Solution File, Format Version 12.00
# Visual Studio 2012
Project("{FAE04EC0-301F-11D3-BF4B-00C04F79EFBC}") = "EngineIoClientDotNet_Mono", "EngineIoClientDotNet_Mono\EngineIoClientDotNet_Mono.csproj", "{E1CA3197-FF08-469F-B728-3DB02A432AA2}"
EndProject
Project("{FAE04EC0-301F-11D3-BF4B-00C04F79EFBC}") = "System.Collections.Immutable_Mono", "System.Collections.Immutable\System.Collections.Immutable_Mono.csproj", "{024A2111-4B19-44D7-917E-8514CF632469}"
EndProject
Project("{FAE04EC0-301F-11D3-BF4B-00C04F79EFBC}") = "EngineIoClientDotNet_Tests_Mono", "EngineIoClientDotNet_Tests_Mono\EngineIoClientDotNet_Tests_Mono.csproj", "{71552674-9254-4E61-B7B4-CAB58E73485D}"
EndProject
Global
	GlobalSection(SolutionConfigurationPlatforms) = preSolution
		Debug|Any CPU = Debug|Any CPU
		Release|Any CPU = Release|Any CPU
	EndGlobalSection
	GlobalSection(ProjectConfigurationPlatforms) = postSolution
		{E1CA3197-FF08-469F-B728-3DB02A432AA2}.Debug|Any CPU.ActiveCfg = Debug|Any CPU
		{E1CA3197-FF08-469F-B728-3DB02A432AA2}.Debug|Any CPU.Build.0 = Debug|Any CPU
		{E1CA3197-FF08-469F-B728-3DB02A432AA2}.Release|Any CPU.ActiveCfg = Release|Any CPU
		{E1CA3197-FF08-469F-B728-3DB02A432AA2}.Release|Any CPU.Build.0 = Release|Any CPU
		{024A2111-4B19-44D7-917E-8514CF632469}.Debug|Any CPU.ActiveCfg = Debug|Any CPU
		{024A2111-4B19-44D7-917E-8514CF632469}.Debug|Any CPU.Build.0 = Debug|Any CPU
		{024A2111-4B19-44D7-917E-8514CF632469}.Release|Any CPU.ActiveCfg = Release|Any CPU
		{024A2111-4B19-44D7-917E-8514CF632469}.Release|Any CPU.Build.0 = Release|Any CPU
		{71552674-9254-4E61-B7B4-CAB58E73485D}.Debug|Any CPU.ActiveCfg = Debug|Any CPU
		{71552674-9254-4E61-B7B4-CAB58E73485D}.Debug|Any CPU.Build.0 = Debug|Any CPU
		{71552674-9254-4E61-B7B4-CAB58E73485D}.Release|Any CPU.ActiveCfg = Release|Any CPU
		{71552674-9254-4E61-B7B4-CAB58E73485D}.Release|Any CPU.Build.0 = Release|Any CPU
	EndGlobalSection
	GlobalSection(SolutionProperties) = preSolution
		HideSolutionNode = FALSE
	EndGlobalSection
EndGlobal
