
Microsoft Visual Studio Solution File, Format Version 11.00
# Visual Studio 2010
Project("{FAE04EC0-301F-11D3-BF4B-00C04F79EFBC}") = "EngineIoClientDotNet.Tests.Xamarin-Android.TestApp", "EngineIoClientDotNet.Tests.Xamarin-Android.TestApp.csproj", "{C5CD5898-63A6-46CB-A1D0-B6FBCE505DC3}"
EndProject
Global
	GlobalSection(SolutionConfigurationPlatforms) = preSolution
		Debug|Any CPU = Debug|Any CPU
		Release|Any CPU = Release|Any CPU
	EndGlobalSection
	GlobalSection(ProjectConfigurationPlatforms) = postSolution
		{C5CD5898-63A6-46CB-A1D0-B6FBCE505DC3}.Debug|Any CPU.ActiveCfg = Debug|Any CPU
		{C5CD5898-63A6-46CB-A1D0-B6FBCE505DC3}.Debug|Any CPU.Build.0 = Debug|Any CPU
		{C5CD5898-63A6-46CB-A1D0-B6FBCE505DC3}.Release|Any CPU.ActiveCfg = Release|Any CPU
		{C5CD5898-63A6-46CB-A1D0-B6FBCE505DC3}.Release|Any CPU.Build.0 = Release|Any CPU
	EndGlobalSection
EndGlobal
