
Microsoft Visual Studio Solution File, Format Version 12.00
# Visual Studio 2013
VisualStudioVersion = 12.0.30723.0
MinimumVisualStudioVersion = 10.0.40219.1
Project("{FAE04EC0-301F-11D3-BF4B-00C04F79EFBC}") = "EngineIoClientDotNet.wpa", "EngineIoClientDotNet.wpa.csproj", "{52922E0F-7300-4970-BA75-E22EF008BEA1}"
EndProject
Project("{FAE04EC0-301F-11D3-BF4B-00C04F79EFBC}") = "EngineIoClientDotNet.Tests.wpa.UnitTestApp", "..\EngineIoClientDotNet.Tests.wpa.UnitTestApp\EngineIoClientDotNet.Tests.wpa.UnitTestApp.csproj", "{69763655-9437-4297-95E4-0D77A47A72CC}"
EndProject
Global
	GlobalSection(SolutionConfigurationPlatforms) = preSolution
		Debug|Any CPU = Debug|Any CPU
		Debug|ARM = Debug|ARM
		Debug|Mixed Platforms = Debug|Mixed Platforms
		Debug|x86 = Debug|x86
		Release|Any CPU = Release|Any CPU
		Release|ARM = Release|ARM
		Release|Mixed Platforms = Release|Mixed Platforms
		Release|x86 = Release|x86
	EndGlobalSection
	GlobalSection(ProjectConfigurationPlatforms) = postSolution
		{52922E0F-7300-4970-BA75-E22EF008BEA1}.Debug|Any CPU.ActiveCfg = Debug|Any CPU
		{52922E0F-7300-4970-BA75-E22EF008BEA1}.Debug|Any CPU.Build.0 = Debug|Any CPU
		{52922E0F-7300-4970-BA75-E22EF008BEA1}.Debug|ARM.ActiveCfg = Debug|ARM
		{52922E0F-7300-4970-BA75-E22EF008BEA1}.Debug|ARM.Build.0 = Debug|ARM
		{52922E0F-7300-4970-BA75-E22EF008BEA1}.Debug|Mixed Platforms.ActiveCfg = Debug|ARM
		{52922E0F-7300-4970-BA75-E22EF008BEA1}.Debug|Mixed Platforms.Build.0 = Debug|ARM
		{52922E0F-7300-4970-BA75-E22EF008BEA1}.Debug|x86.ActiveCfg = Debug|x86
		{52922E0F-7300-4970-BA75-E22EF008BEA1}.Debug|x86.Build.0 = Debug|x86
		{52922E0F-7300-4970-BA75-E22EF008BEA1}.Release|Any CPU.ActiveCfg = Release|Any CPU
		{52922E0F-7300-4970-BA75-E22EF008BEA1}.Release|Any CPU.Build.0 = Release|Any CPU
		{52922E0F-7300-4970-BA75-E22EF008BEA1}.Release|ARM.ActiveCfg = Release|ARM
		{52922E0F-7300-4970-BA75-E22EF008BEA1}.Release|ARM.Build.0 = Release|ARM
		{52922E0F-7300-4970-BA75-E22EF008BEA1}.Release|Mixed Platforms.ActiveCfg = Release|x86
		{52922E0F-7300-4970-BA75-E22EF008BEA1}.Release|Mixed Platforms.Build.0 = Release|x86
		{52922E0F-7300-4970-BA75-E22EF008BEA1}.Release|x86.ActiveCfg = Release|x86
		{52922E0F-7300-4970-BA75-E22EF008BEA1}.Release|x86.Build.0 = Release|x86
		{69763655-9437-4297-95E4-0D77A47A72CC}.Debug|Any CPU.ActiveCfg = Debug|x86
		{69763655-9437-4297-95E4-0D77A47A72CC}.Debug|ARM.ActiveCfg = Debug|ARM
		{69763655-9437-4297-95E4-0D77A47A72CC}.Debug|ARM.Build.0 = Debug|ARM
		{69763655-9437-4297-95E4-0D77A47A72CC}.Debug|ARM.Deploy.0 = Debug|ARM
		{69763655-9437-4297-95E4-0D77A47A72CC}.Debug|Mixed Platforms.ActiveCfg = Debug|ARM
		{69763655-9437-4297-95E4-0D77A47A72CC}.Debug|Mixed Platforms.Build.0 = Debug|ARM
		{69763655-9437-4297-95E4-0D77A47A72CC}.Debug|Mixed Platforms.Deploy.0 = Debug|ARM
		{69763655-9437-4297-95E4-0D77A47A72CC}.Debug|x86.ActiveCfg = Debug|x86
		{69763655-9437-4297-95E4-0D77A47A72CC}.Debug|x86.Build.0 = Debug|x86
		{69763655-9437-4297-95E4-0D77A47A72CC}.Debug|x86.Deploy.0 = Debug|x86
		{69763655-9437-4297-95E4-0D77A47A72CC}.Release|Any CPU.ActiveCfg = Release|x86
		{69763655-9437-4297-95E4-0D77A47A72CC}.Release|ARM.ActiveCfg = Release|ARM
		{69763655-9437-4297-95E4-0D77A47A72CC}.Release|ARM.Build.0 = Release|ARM
		{69763655-9437-4297-95E4-0D77A47A72CC}.Release|ARM.Deploy.0 = Release|ARM
		{69763655-9437-4297-95E4-0D77A47A72CC}.Release|Mixed Platforms.ActiveCfg = Release|x86
		{69763655-9437-4297-95E4-0D77A47A72CC}.Release|Mixed Platforms.Build.0 = Release|x86
		{69763655-9437-4297-95E4-0D77A47A72CC}.Release|Mixed Platforms.Deploy.0 = Release|x86
		{69763655-9437-4297-95E4-0D77A47A72CC}.Release|x86.ActiveCfg = Release|x86
		{69763655-9437-4297-95E4-0D77A47A72CC}.Release|x86.Build.0 = Release|x86
		{69763655-9437-4297-95E4-0D77A47A72CC}.Release|x86.Deploy.0 = Release|x86
	EndGlobalSection
	GlobalSection(SolutionProperties) = preSolution
		HideSolutionNode = FALSE
	EndGlobalSection
EndGlobal
