
Microsoft Visual Studio Solution File, Format Version 12.00
# Visual Studio 2012
Project("{FAE04EC0-301F-11D3-BF4B-00C04F79EFBC}") = "EngineIoClientDotNet.netcore45", "EngineIoClientDotNet\EngineIoClientDotNet.netcore45.csproj", "{3934974C-1854-408C-B7F3-918A0F68AF93}"
EndProject
Project("{FAE04EC0-301F-11D3-BF4B-00C04F79EFBC}") = "EngineIOClientDotNet.Tests.netcore45.UnitTestLibrary", "EngineIOClientDotNet.Tests.netcore45.UnitTestLibrary\EngineIOClientDotNet.Tests.netcore45.UnitTestLibrary.csproj", "{ED840F5B-2B18-4BDE-933E-BA865295783A}"
EndProject
Global
	GlobalSection(SolutionConfigurationPlatforms) = preSolution
		Debug|Any CPU = Debug|Any CPU
		Debug|ARM = Debug|ARM
		Debug|x64 = Debug|x64
		Debug|x86 = Debug|x86
		Release|Any CPU = Release|Any CPU
		Release|ARM = Release|ARM
		Release|x64 = Release|x64
		Release|x86 = Release|x86
	EndGlobalSection
	GlobalSection(ProjectConfigurationPlatforms) = postSolution
		{3934974C-1854-408C-B7F3-918A0F68AF93}.Debug|Any CPU.ActiveCfg = Debug|Any CPU
		{3934974C-1854-408C-B7F3-918A0F68AF93}.Debug|Any CPU.Build.0 = Debug|Any CPU
		{3934974C-1854-408C-B7F3-918A0F68AF93}.Debug|ARM.ActiveCfg = Debug|ARM
		{3934974C-1854-408C-B7F3-918A0F68AF93}.Debug|ARM.Build.0 = Debug|ARM
		{3934974C-1854-408C-B7F3-918A0F68AF93}.Debug|x64.ActiveCfg = Debug|x64
		{3934974C-1854-408C-B7F3-918A0F68AF93}.Debug|x64.Build.0 = Debug|x64
		{3934974C-1854-408C-B7F3-918A0F68AF93}.Debug|x86.ActiveCfg = Debug|x86
		{3934974C-1854-408C-B7F3-918A0F68AF93}.Debug|x86.Build.0 = Debug|x86
		{3934974C-1854-408C-B7F3-918A0F68AF93}.Release|Any CPU.ActiveCfg = Release|Any CPU
		{3934974C-1854-408C-B7F3-918A0F68AF93}.Release|Any CPU.Build.0 = Release|Any CPU
		{3934974C-1854-408C-B7F3-918A0F68AF93}.Release|ARM.ActiveCfg = Release|ARM
		{3934974C-1854-408C-B7F3-918A0F68AF93}.Release|ARM.Build.0 = Release|ARM
		{3934974C-1854-408C-B7F3-918A0F68AF93}.Release|x64.ActiveCfg = Release|x64
		{3934974C-1854-408C-B7F3-918A0F68AF93}.Release|x64.Build.0 = Release|x64
		{3934974C-1854-408C-B7F3-918A0F68AF93}.Release|x86.ActiveCfg = Release|x86
		{3934974C-1854-408C-B7F3-918A0F68AF93}.Release|x86.Build.0 = Release|x86
		{ED840F5B-2B18-4BDE-933E-BA865295783A}.Debug|Any CPU.ActiveCfg = Debug|Any CPU
		{ED840F5B-2B18-4BDE-933E-BA865295783A}.Debug|Any CPU.Build.0 = Debug|Any CPU
		{ED840F5B-2B18-4BDE-933E-BA865295783A}.Debug|Any CPU.Deploy.0 = Debug|Any CPU
		{ED840F5B-2B18-4BDE-933E-BA865295783A}.Debug|ARM.ActiveCfg = Debug|ARM
		{ED840F5B-2B18-4BDE-933E-BA865295783A}.Debug|ARM.Build.0 = Debug|ARM
		{ED840F5B-2B18-4BDE-933E-BA865295783A}.Debug|ARM.Deploy.0 = Debug|ARM
		{ED840F5B-2B18-4BDE-933E-BA865295783A}.Debug|x64.ActiveCfg = Debug|x64
		{ED840F5B-2B18-4BDE-933E-BA865295783A}.Debug|x64.Build.0 = Debug|x64
		{ED840F5B-2B18-4BDE-933E-BA865295783A}.Debug|x64.Deploy.0 = Debug|x64
		{ED840F5B-2B18-4BDE-933E-BA865295783A}.Debug|x86.ActiveCfg = Debug|x86
		{ED840F5B-2B18-4BDE-933E-BA865295783A}.Debug|x86.Build.0 = Debug|x86
		{ED840F5B-2B18-4BDE-933E-BA865295783A}.Debug|x86.Deploy.0 = Debug|x86
		{ED840F5B-2B18-4BDE-933E-BA865295783A}.Release|Any CPU.ActiveCfg = Release|Any CPU
		{ED840F5B-2B18-4BDE-933E-BA865295783A}.Release|Any CPU.Build.0 = Release|Any CPU
		{ED840F5B-2B18-4BDE-933E-BA865295783A}.Release|Any CPU.Deploy.0 = Release|Any CPU
		{ED840F5B-2B18-4BDE-933E-BA865295783A}.Release|ARM.ActiveCfg = Release|ARM
		{ED840F5B-2B18-4BDE-933E-BA865295783A}.Release|ARM.Build.0 = Release|ARM
		{ED840F5B-2B18-4BDE-933E-BA865295783A}.Release|ARM.Deploy.0 = Release|ARM
		{ED840F5B-2B18-4BDE-933E-BA865295783A}.Release|x64.ActiveCfg = Release|x64
		{ED840F5B-2B18-4BDE-933E-BA865295783A}.Release|x64.Build.0 = Release|x64
		{ED840F5B-2B18-4BDE-933E-BA865295783A}.Release|x64.Deploy.0 = Release|x64
		{ED840F5B-2B18-4BDE-933E-BA865295783A}.Release|x86.ActiveCfg = Release|x86
		{ED840F5B-2B18-4BDE-933E-BA865295783A}.Release|x86.Build.0 = Release|x86
		{ED840F5B-2B18-4BDE-933E-BA865295783A}.Release|x86.Deploy.0 = Release|x86
	EndGlobalSection
	GlobalSection(SolutionProperties) = preSolution
		HideSolutionNode = FALSE
	EndGlobalSection
EndGlobal
