
Microsoft Visual Studio Solution File, Format Version 12.00
# Visual Studio 2013
VisualStudioVersion = 12.0.31101.0
MinimumVisualStudioVersion = 10.0.40219.1
Project("{FAE04EC0-301F-11D3-BF4B-00C04F79EFBC}") = "EngineIoClientDotNet.portable-wpa81+wp81", "EngineIoClientDotNet.portable-wpa81+wp81.csproj", "{DA844EBD-17E9-4D6E-8093-C29D73FEB5AD}"
EndProject
Project("{FAE04EC0-301F-11D3-BF4B-00C04F79EFBC}") = "EngineIoClientDotNet.Tests.portable-wpa81+wp81.TestApp", "..\EngineIoClientDotNet.Tests.portable-wpa81+wp81.TestApp\EngineIoClientDotNet.Tests.portable-wpa81+wp81.TestApp.csproj", "{7A453124-AD88-4167-80C0-19C09C4D809D}"
EndProject
Project("{E24C65DC-7377-472B-9ABA-BC803B73C61A}") = "TestServer(2)", "http://localhost:48775", "{7E50397C-1221-49A9-A5F1-8254AC4BFBA4}"
	ProjectSection(WebsiteProperties) = preProject
		UseIISExpress = "true"
		TargetFrameworkMoniker = ".NETFramework,Version%3Dv4.0"
		Debug.AspNetCompiler.VirtualPath = "/localhost_48775"
		Debug.AspNetCompiler.PhysicalPath = "..\..\TestServer\"
		Debug.AspNetCompiler.TargetPath = "PrecompiledWeb\localhost_48775\"
		Debug.AspNetCompiler.Updateable = "true"
		Debug.AspNetCompiler.ForceOverwrite = "true"
		Debug.AspNetCompiler.FixedNames = "false"
		Debug.AspNetCompiler.Debug = "True"
		Release.AspNetCompiler.VirtualPath = "/localhost_48775"
		Release.AspNetCompiler.PhysicalPath = "..\..\TestServer\"
		Release.AspNetCompiler.TargetPath = "PrecompiledWeb\localhost_48775\"
		Release.AspNetCompiler.Updateable = "true"
		Release.AspNetCompiler.ForceOverwrite = "true"
		Release.AspNetCompiler.FixedNames = "false"
		Release.AspNetCompiler.Debug = "False"
		SlnRelativePath = "..\..\TestServer\"
	EndProjectSection
EndProject
Project("{E24C65DC-7377-472B-9ABA-BC803B73C61A}") = "grunt(2)", "http://localhost:8528", "{7F5CBDD0-5537-4B8B-AD7E-9F7E88600084}"
	ProjectSection(WebsiteProperties) = preProject
		UseIISExpress = "true"
		TargetFrameworkMoniker = ".NETFramework,Version%3Dv4.0"
		Debug.AspNetCompiler.VirtualPath = "/localhost_8528"
		Debug.AspNetCompiler.PhysicalPath = "..\..\grunt\"
		Debug.AspNetCompiler.TargetPath = "PrecompiledWeb\localhost_8528\"
		Debug.AspNetCompiler.Updateable = "true"
		Debug.AspNetCompiler.ForceOverwrite = "true"
		Debug.AspNetCompiler.FixedNames = "false"
		Debug.AspNetCompiler.Debug = "True"
		Release.AspNetCompiler.VirtualPath = "/localhost_8528"
		Release.AspNetCompiler.PhysicalPath = "..\..\grunt\"
		Release.AspNetCompiler.TargetPath = "PrecompiledWeb\localhost_8528\"
		Release.AspNetCompiler.Updateable = "true"
		Release.AspNetCompiler.ForceOverwrite = "true"
		Release.AspNetCompiler.FixedNames = "false"
		Release.AspNetCompiler.Debug = "False"
		SlnRelativePath = "..\..\grunt\"
	EndProjectSection
EndProject
Global
	GlobalSection(SolutionConfigurationPlatforms) = preSolution
		Debug|Any CPU = Debug|Any CPU
		Debug|ARM = Debug|ARM
		Debug|Mixed Platforms = Debug|Mixed Platforms
		Debug|x86 = Debug|x86
		Release|Any CPU = Release|Any CPU
		Release|ARM = Release|ARM
		Release|Mixed Platforms = Release|Mixed Platforms
		Release|x86 = Release|x86
	EndGlobalSection
	GlobalSection(ProjectConfigurationPlatforms) = postSolution
		{DA844EBD-17E9-4D6E-8093-C29D73FEB5AD}.Debug|Any CPU.ActiveCfg = Debug|Any CPU
		{DA844EBD-17E9-4D6E-8093-C29D73FEB5AD}.Debug|Any CPU.Build.0 = Debug|Any CPU
		{DA844EBD-17E9-4D6E-8093-C29D73FEB5AD}.Debug|ARM.ActiveCfg = Debug|ARM
		{DA844EBD-17E9-4D6E-8093-C29D73FEB5AD}.Debug|ARM.Build.0 = Debug|ARM
		{DA844EBD-17E9-4D6E-8093-C29D73FEB5AD}.Debug|Mixed Platforms.ActiveCfg = Debug|Any CPU
		{DA844EBD-17E9-4D6E-8093-C29D73FEB5AD}.Debug|Mixed Platforms.Build.0 = Debug|Any CPU
		{DA844EBD-17E9-4D6E-8093-C29D73FEB5AD}.Debug|x86.ActiveCfg = Debug|x86
		{DA844EBD-17E9-4D6E-8093-C29D73FEB5AD}.Debug|x86.Build.0 = Debug|x86
		{DA844EBD-17E9-4D6E-8093-C29D73FEB5AD}.Release|Any CPU.ActiveCfg = Release|Any CPU
		{DA844EBD-17E9-4D6E-8093-C29D73FEB5AD}.Release|Any CPU.Build.0 = Release|Any CPU
		{DA844EBD-17E9-4D6E-8093-C29D73FEB5AD}.Release|ARM.ActiveCfg = Release|ARM
		{DA844EBD-17E9-4D6E-8093-C29D73FEB5AD}.Release|ARM.Build.0 = Release|ARM
		{DA844EBD-17E9-4D6E-8093-C29D73FEB5AD}.Release|Mixed Platforms.ActiveCfg = Release|Any CPU
		{DA844EBD-17E9-4D6E-8093-C29D73FEB5AD}.Release|Mixed Platforms.Build.0 = Release|Any CPU
		{DA844EBD-17E9-4D6E-8093-C29D73FEB5AD}.Release|x86.ActiveCfg = Release|x86
		{DA844EBD-17E9-4D6E-8093-C29D73FEB5AD}.Release|x86.Build.0 = Release|x86
		{7A453124-AD88-4167-80C0-19C09C4D809D}.Debug|Any CPU.ActiveCfg = Debug|x86
		{7A453124-AD88-4167-80C0-19C09C4D809D}.Debug|ARM.ActiveCfg = Debug|ARM
		{7A453124-AD88-4167-80C0-19C09C4D809D}.Debug|ARM.Build.0 = Debug|ARM
		{7A453124-AD88-4167-80C0-19C09C4D809D}.Debug|ARM.Deploy.0 = Debug|ARM
		{7A453124-AD88-4167-80C0-19C09C4D809D}.Debug|Mixed Platforms.ActiveCfg = Debug|ARM
		{7A453124-AD88-4167-80C0-19C09C4D809D}.Debug|Mixed Platforms.Build.0 = Debug|ARM
		{7A453124-AD88-4167-80C0-19C09C4D809D}.Debug|Mixed Platforms.Deploy.0 = Debug|ARM
		{7A453124-AD88-4167-80C0-19C09C4D809D}.Debug|x86.ActiveCfg = Debug|x86
		{7A453124-AD88-4167-80C0-19C09C4D809D}.Debug|x86.Build.0 = Debug|x86
		{7A453124-AD88-4167-80C0-19C09C4D809D}.Debug|x86.Deploy.0 = Debug|x86
		{7A453124-AD88-4167-80C0-19C09C4D809D}.Release|Any CPU.ActiveCfg = Release|x86
		{7A453124-AD88-4167-80C0-19C09C4D809D}.Release|ARM.ActiveCfg = Release|ARM
		{7A453124-AD88-4167-80C0-19C09C4D809D}.Release|ARM.Build.0 = Release|ARM
		{7A453124-AD88-4167-80C0-19C09C4D809D}.Release|ARM.Deploy.0 = Release|ARM
		{7A453124-AD88-4167-80C0-19C09C4D809D}.Release|Mixed Platforms.ActiveCfg = Release|ARM
		{7A453124-AD88-4167-80C0-19C09C4D809D}.Release|Mixed Platforms.Build.0 = Release|ARM
		{7A453124-AD88-4167-80C0-19C09C4D809D}.Release|Mixed Platforms.Deploy.0 = Release|ARM
		{7A453124-AD88-4167-80C0-19C09C4D809D}.Release|x86.ActiveCfg = Release|x86
		{7A453124-AD88-4167-80C0-19C09C4D809D}.Release|x86.Build.0 = Release|x86
		{7A453124-AD88-4167-80C0-19C09C4D809D}.Release|x86.Deploy.0 = Release|x86
		{7E50397C-1221-49A9-A5F1-8254AC4BFBA4}.Debug|Any CPU.ActiveCfg = Debug|Any CPU
		{7E50397C-1221-49A9-A5F1-8254AC4BFBA4}.Debug|Any CPU.Build.0 = Debug|Any CPU
		{7E50397C-1221-49A9-A5F1-8254AC4BFBA4}.Debug|ARM.ActiveCfg = Debug|Any CPU
		{7E50397C-1221-49A9-A5F1-8254AC4BFBA4}.Debug|Mixed Platforms.ActiveCfg = Debug|Any CPU
		{7E50397C-1221-49A9-A5F1-8254AC4BFBA4}.Debug|Mixed Platforms.Build.0 = Debug|Any CPU
		{7E50397C-1221-49A9-A5F1-8254AC4BFBA4}.Debug|x86.ActiveCfg = Debug|Any CPU
		{7E50397C-1221-49A9-A5F1-8254AC4BFBA4}.Release|Any CPU.ActiveCfg = Debug|Any CPU
		{7E50397C-1221-49A9-A5F1-8254AC4BFBA4}.Release|Any CPU.Build.0 = Debug|Any CPU
		{7E50397C-1221-49A9-A5F1-8254AC4BFBA4}.Release|ARM.ActiveCfg = Debug|Any CPU
		{7E50397C-1221-49A9-A5F1-8254AC4BFBA4}.Release|Mixed Platforms.ActiveCfg = Debug|Any CPU
		{7E50397C-1221-49A9-A5F1-8254AC4BFBA4}.Release|Mixed Platforms.Build.0 = Debug|Any CPU
		{7E50397C-1221-49A9-A5F1-8254AC4BFBA4}.Release|x86.ActiveCfg = Debug|Any CPU
		{7F5CBDD0-5537-4B8B-AD7E-9F7E88600084}.Debug|Any CPU.ActiveCfg = Debug|Any CPU
		{7F5CBDD0-5537-4B8B-AD7E-9F7E88600084}.Debug|Any CPU.Build.0 = Debug|Any CPU
		{7F5CBDD0-5537-4B8B-AD7E-9F7E88600084}.Debug|ARM.ActiveCfg = Debug|Any CPU
		{7F5CBDD0-5537-4B8B-AD7E-9F7E88600084}.Debug|Mixed Platforms.ActiveCfg = Debug|Any CPU
		{7F5CBDD0-5537-4B8B-AD7E-9F7E88600084}.Debug|Mixed Platforms.Build.0 = Debug|Any CPU
		{7F5CBDD0-5537-4B8B-AD7E-9F7E88600084}.Debug|x86.ActiveCfg = Debug|Any CPU
		{7F5CBDD0-5537-4B8B-AD7E-9F7E88600084}.Release|Any CPU.ActiveCfg = Debug|Any CPU
		{7F5CBDD0-5537-4B8B-AD7E-9F7E88600084}.Release|Any CPU.Build.0 = Debug|Any CPU
		{7F5CBDD0-5537-4B8B-AD7E-9F7E88600084}.Release|ARM.ActiveCfg = Debug|Any CPU
		{7F5CBDD0-5537-4B8B-AD7E-9F7E88600084}.Release|Mixed Platforms.ActiveCfg = Debug|Any CPU
		{7F5CBDD0-5537-4B8B-AD7E-9F7E88600084}.Release|Mixed Platforms.Build.0 = Debug|Any CPU
		{7F5CBDD0-5537-4B8B-AD7E-9F7E88600084}.Release|x86.ActiveCfg = Debug|Any CPU
	EndGlobalSection
	GlobalSection(SolutionProperties) = preSolution
		HideSolutionNode = FALSE
	EndGlobalSection
EndGlobal
