
Microsoft Visual Studio Solution File, Format Version 12.00
# Visual Studio 15
VisualStudioVersion = 15.0.26430.16
MinimumVisualStudioVersion = 10.0.40219.1
Project("{FAE04EC0-301F-11D3-BF4B-00C04F79EFBC}") = "EngineIoClientDotNet.net35", "EngineIoClientDotNet.net35.csproj", "{568D67D0-3253-4601-9B04-7730A9EC5CC0}"
EndProject
Project("{E24C65DC-7377-472B-9ABA-BC803B73C61A}") = "grunt(2)", "http://localhost:8528", "{7F5CBDD0-5537-4B8B-AD7E-9F7E88600084}"
	ProjectSection(WebsiteProperties) = preProject
		UseIISExpress = "true"
		TargetFrameworkMoniker = ".NETFramework,Version%3Dv4.0"
		Debug.AspNetCompiler.VirtualPath = "/localhost_8528"
		Debug.AspNetCompiler.PhysicalPath = "..\..\grunt\"
		Debug.AspNetCompiler.TargetPath = "PrecompiledWeb\localhost_8528\"
		Debug.AspNetCompiler.Updateable = "true"
		Debug.AspNetCompiler.ForceOverwrite = "true"
		Debug.AspNetCompiler.FixedNames = "false"
		Debug.AspNetCompiler.Debug = "True"
		Release.AspNetCompiler.VirtualPath = "/localhost_8528"
		Release.AspNetCompiler.PhysicalPath = "..\..\grunt\"
		Release.AspNetCompiler.TargetPath = "PrecompiledWeb\localhost_8528\"
		Release.AspNetCompiler.Updateable = "true"
		Release.AspNetCompiler.ForceOverwrite = "true"
		Release.AspNetCompiler.FixedNames = "false"
		Release.AspNetCompiler.Debug = "False"
		SlnRelativePath = "..\..\grunt\"
	EndProjectSection
EndProject
Project("{FAE04EC0-301F-11D3-BF4B-00C04F79EFBC}") = "EngineIoClientDotNet.Tests.net35", "..\EngineIoClientDotNet.Tests.net35\EngineIoClientDotNet.Tests.net35.csproj", "{BA788BBE-0FE8-4C2F-8A02-457A5E9E2703}"
EndProject
Project("{E24C65DC-7377-472B-9ABA-BC803B73C61A}") = "EngineIoClientDotNet", "..\..\", "{3EB481DF-5B0B-4E72-90A1-039165F580E1}"
	ProjectSection(WebsiteProperties) = preProject
		TargetFrameworkMoniker = ".NETFramework,Version%3Dv4.0"
		Debug.AspNetCompiler.VirtualPath = "/localhost_11863"
		Debug.AspNetCompiler.PhysicalPath = "..\..\..\EngineIoClientDotNet\"
		Debug.AspNetCompiler.TargetPath = "PrecompiledWeb\localhost_11863\"
		Debug.AspNetCompiler.Updateable = "true"
		Debug.AspNetCompiler.ForceOverwrite = "true"
		Debug.AspNetCompiler.FixedNames = "false"
		Debug.AspNetCompiler.Debug = "True"
		Release.AspNetCompiler.VirtualPath = "/localhost_11863"
		Release.AspNetCompiler.PhysicalPath = "..\..\..\EngineIoClientDotNet\"
		Release.AspNetCompiler.TargetPath = "PrecompiledWeb\localhost_11863\"
		Release.AspNetCompiler.Updateable = "true"
		Release.AspNetCompiler.ForceOverwrite = "true"
		Release.AspNetCompiler.FixedNames = "false"
		Release.AspNetCompiler.Debug = "False"
		VWDPort = "11863"
		SlnRelativePath = "..\..\..\EngineIoClientDotNet\"
	EndProjectSection
EndProject
Global
	GlobalSection(SolutionConfigurationPlatforms) = preSolution
		Debug|Any CPU = Debug|Any CPU
		Release|Any CPU = Release|Any CPU
	EndGlobalSection
	GlobalSection(ProjectConfigurationPlatforms) = postSolution
		{568D67D0-3253-4601-9B04-7730A9EC5CC0}.Debug|Any CPU.ActiveCfg = Debug|Any CPU
		{568D67D0-3253-4601-9B04-7730A9EC5CC0}.Debug|Any CPU.Build.0 = Debug|Any CPU
		{568D67D0-3253-4601-9B04-7730A9EC5CC0}.Release|Any CPU.ActiveCfg = Release|Any CPU
		{568D67D0-3253-4601-9B04-7730A9EC5CC0}.Release|Any CPU.Build.0 = Release|Any CPU
		{7F5CBDD0-5537-4B8B-AD7E-9F7E88600084}.Debug|Any CPU.ActiveCfg = Debug|Any CPU
		{7F5CBDD0-5537-4B8B-AD7E-9F7E88600084}.Debug|Any CPU.Build.0 = Debug|Any CPU
		{7F5CBDD0-5537-4B8B-AD7E-9F7E88600084}.Release|Any CPU.ActiveCfg = Debug|Any CPU
		{7F5CBDD0-5537-4B8B-AD7E-9F7E88600084}.Release|Any CPU.Build.0 = Debug|Any CPU
		{BA788BBE-0FE8-4C2F-8A02-457A5E9E2703}.Debug|Any CPU.ActiveCfg = Debug|Any CPU
		{BA788BBE-0FE8-4C2F-8A02-457A5E9E2703}.Debug|Any CPU.Build.0 = Debug|Any CPU
		{BA788BBE-0FE8-4C2F-8A02-457A5E9E2703}.Release|Any CPU.ActiveCfg = Release|Any CPU
		{BA788BBE-0FE8-4C2F-8A02-457A5E9E2703}.Release|Any CPU.Build.0 = Release|Any CPU
		{3EB481DF-5B0B-4E72-90A1-039165F580E1}.Debug|Any CPU.ActiveCfg = Debug|Any CPU
		{3EB481DF-5B0B-4E72-90A1-039165F580E1}.Debug|Any CPU.Build.0 = Debug|Any CPU
		{3EB481DF-5B0B-4E72-90A1-039165F580E1}.Release|Any CPU.ActiveCfg = Debug|Any CPU
		{3EB481DF-5B0B-4E72-90A1-039165F580E1}.Release|Any CPU.Build.0 = Debug|Any CPU
	EndGlobalSection
	GlobalSection(SolutionProperties) = preSolution
		HideSolutionNode = FALSE
	EndGlobalSection
EndGlobal
