
Microsoft Visual Studio Solution File, Format Version 12.00
# Visual Studio 2013
VisualStudioVersion = 12.0.31101.0
MinimumVisualStudioVersion = 10.0.40219.1
Project("{FAE04EC0-301F-11D3-BF4B-00C04F79EFBC}") = "EngineIoClientDotNet.portable-win81+wpa81", "EngineIoClientDotNet.portable-win81+wpa81.csproj", "{9FAABC51-3020-444F-B0FE-2D84EE2A26B1}"
EndProject
Project("{E24C65DC-7377-472B-9ABA-BC803B73C61A}") = "grunt(2)", "http://localhost:8528", "{7F5CBDD0-5537-4B8B-AD7E-9F7E88600084}"
	ProjectSection(WebsiteProperties) = preProject
		UseIISExpress = "true"
		TargetFrameworkMoniker = ".NETFramework,Version%3Dv4.0"
		Debug.AspNetCompiler.VirtualPath = "/localhost_8528"
		Debug.AspNetCompiler.PhysicalPath = "..\..\grunt\"
		Debug.AspNetCompiler.TargetPath = "PrecompiledWeb\localhost_8528\"
		Debug.AspNetCompiler.Updateable = "true"
		Debug.AspNetCompiler.ForceOverwrite = "true"
		Debug.AspNetCompiler.FixedNames = "false"
		Debug.AspNetCompiler.Debug = "True"
		Release.AspNetCompiler.VirtualPath = "/localhost_8528"
		Release.AspNetCompiler.PhysicalPath = "..\..\grunt\"
		Release.AspNetCompiler.TargetPath = "PrecompiledWeb\localhost_8528\"
		Release.AspNetCompiler.Updateable = "true"
		Release.AspNetCompiler.ForceOverwrite = "true"
		Release.AspNetCompiler.FixedNames = "false"
		Release.AspNetCompiler.Debug = "False"
		SlnRelativePath = "..\..\grunt\"
	EndProjectSection
EndProject
Project("{FAE04EC0-301F-11D3-BF4B-00C04F79EFBC}") = "EngineIoClientDotNet.Tests.portable-win81+wp81.TestApp", "..\EngineIoClientDotNet.Tests.portable-win81+wp81.TestApp\EngineIoClientDotNet.Tests.portable-win81+wp81.TestApp.csproj", "{E1558EE9-04C9-4CE9-B3D4-4348DE0EFDDE}"
EndProject
Global
	GlobalSection(SolutionConfigurationPlatforms) = preSolution
		Debug|Any CPU = Debug|Any CPU
		Debug|ARM = Debug|ARM
		Debug|Mixed Platforms = Debug|Mixed Platforms
		Debug|x86 = Debug|x86
		Release|Any CPU = Release|Any CPU
		Release|ARM = Release|ARM
		Release|Mixed Platforms = Release|Mixed Platforms
		Release|x86 = Release|x86
	EndGlobalSection
	GlobalSection(ProjectConfigurationPlatforms) = postSolution
		{9FAABC51-3020-444F-B0FE-2D84EE2A26B1}.Debug|Any CPU.ActiveCfg = Debug|Any CPU
		{9FAABC51-3020-444F-B0FE-2D84EE2A26B1}.Debug|Any CPU.Build.0 = Debug|Any CPU
		{9FAABC51-3020-444F-B0FE-2D84EE2A26B1}.Debug|ARM.ActiveCfg = Debug|Any CPU
		{9FAABC51-3020-444F-B0FE-2D84EE2A26B1}.Debug|Mixed Platforms.ActiveCfg = Debug|Any CPU
		{9FAABC51-3020-444F-B0FE-2D84EE2A26B1}.Debug|Mixed Platforms.Build.0 = Debug|Any CPU
		{9FAABC51-3020-444F-B0FE-2D84EE2A26B1}.Debug|x86.ActiveCfg = Debug|Any CPU
		{9FAABC51-3020-444F-B0FE-2D84EE2A26B1}.Release|Any CPU.ActiveCfg = Release|Any CPU
		{9FAABC51-3020-444F-B0FE-2D84EE2A26B1}.Release|Any CPU.Build.0 = Release|Any CPU
		{9FAABC51-3020-444F-B0FE-2D84EE2A26B1}.Release|ARM.ActiveCfg = Release|Any CPU
		{9FAABC51-3020-444F-B0FE-2D84EE2A26B1}.Release|Mixed Platforms.ActiveCfg = Release|Any CPU
		{9FAABC51-3020-444F-B0FE-2D84EE2A26B1}.Release|Mixed Platforms.Build.0 = Release|Any CPU
		{9FAABC51-3020-444F-B0FE-2D84EE2A26B1}.Release|x86.ActiveCfg = Release|Any CPU
		{7F5CBDD0-5537-4B8B-AD7E-9F7E88600084}.Debug|Any CPU.ActiveCfg = Debug|Any CPU
		{7F5CBDD0-5537-4B8B-AD7E-9F7E88600084}.Debug|Any CPU.Build.0 = Debug|Any CPU
		{7F5CBDD0-5537-4B8B-AD7E-9F7E88600084}.Debug|ARM.ActiveCfg = Debug|Any CPU
		{7F5CBDD0-5537-4B8B-AD7E-9F7E88600084}.Debug|Mixed Platforms.ActiveCfg = Debug|Any CPU
		{7F5CBDD0-5537-4B8B-AD7E-9F7E88600084}.Debug|x86.ActiveCfg = Debug|Any CPU
		{7F5CBDD0-5537-4B8B-AD7E-9F7E88600084}.Release|Any CPU.ActiveCfg = Debug|Any CPU
		{7F5CBDD0-5537-4B8B-AD7E-9F7E88600084}.Release|Any CPU.Build.0 = Debug|Any CPU
		{7F5CBDD0-5537-4B8B-AD7E-9F7E88600084}.Release|ARM.ActiveCfg = Debug|Any CPU
		{7F5CBDD0-5537-4B8B-AD7E-9F7E88600084}.Release|Mixed Platforms.ActiveCfg = Debug|Any CPU
		{7F5CBDD0-5537-4B8B-AD7E-9F7E88600084}.Release|Mixed Platforms.Build.0 = Debug|Any CPU
		{7F5CBDD0-5537-4B8B-AD7E-9F7E88600084}.Release|x86.ActiveCfg = Debug|Any CPU
		{E1558EE9-04C9-4CE9-B3D4-4348DE0EFDDE}.Debug|Any CPU.ActiveCfg = Debug|x86
		{E1558EE9-04C9-4CE9-B3D4-4348DE0EFDDE}.Debug|ARM.ActiveCfg = Debug|ARM
		{E1558EE9-04C9-4CE9-B3D4-4348DE0EFDDE}.Debug|ARM.Build.0 = Debug|ARM
		{E1558EE9-04C9-4CE9-B3D4-4348DE0EFDDE}.Debug|ARM.Deploy.0 = Debug|ARM
		{E1558EE9-04C9-4CE9-B3D4-4348DE0EFDDE}.Debug|Mixed Platforms.ActiveCfg = Debug|ARM
		{E1558EE9-04C9-4CE9-B3D4-4348DE0EFDDE}.Debug|Mixed Platforms.Build.0 = Debug|ARM
		{E1558EE9-04C9-4CE9-B3D4-4348DE0EFDDE}.Debug|Mixed Platforms.Deploy.0 = Debug|ARM
		{E1558EE9-04C9-4CE9-B3D4-4348DE0EFDDE}.Debug|x86.ActiveCfg = Debug|x86
		{E1558EE9-04C9-4CE9-B3D4-4348DE0EFDDE}.Debug|x86.Build.0 = Debug|x86
		{E1558EE9-04C9-4CE9-B3D4-4348DE0EFDDE}.Debug|x86.Deploy.0 = Debug|x86
		{E1558EE9-04C9-4CE9-B3D4-4348DE0EFDDE}.Release|Any CPU.ActiveCfg = Release|x86
		{E1558EE9-04C9-4CE9-B3D4-4348DE0EFDDE}.Release|ARM.ActiveCfg = Release|ARM
		{E1558EE9-04C9-4CE9-B3D4-4348DE0EFDDE}.Release|ARM.Build.0 = Release|ARM
		{E1558EE9-04C9-4CE9-B3D4-4348DE0EFDDE}.Release|ARM.Deploy.0 = Release|ARM
		{E1558EE9-04C9-4CE9-B3D4-4348DE0EFDDE}.Release|Mixed Platforms.ActiveCfg = Release|x86
		{E1558EE9-04C9-4CE9-B3D4-4348DE0EFDDE}.Release|Mixed Platforms.Build.0 = Release|x86
		{E1558EE9-04C9-4CE9-B3D4-4348DE0EFDDE}.Release|Mixed Platforms.Deploy.0 = Release|x86
		{E1558EE9-04C9-4CE9-B3D4-4348DE0EFDDE}.Release|x86.ActiveCfg = Release|x86
		{E1558EE9-04C9-4CE9-B3D4-4348DE0EFDDE}.Release|x86.Build.0 = Release|x86
		{E1558EE9-04C9-4CE9-B3D4-4348DE0EFDDE}.Release|x86.Deploy.0 = Release|x86
	EndGlobalSection
	GlobalSection(SolutionProperties) = preSolution
		HideSolutionNode = FALSE
	EndGlobalSection
EndGlobal
