
Microsoft Visual Studio Solution File, Format Version 12.00
# Visual Studio Version 16
VisualStudioVersion = 16.0.29519.87
MinimumVisualStudioVersion = 10.0.40219.1
Project("{9A19103F-16F7-4668-BE54-9A1E7A4F7556}") = "EngineIoClientDotNet", "EngineIoClientDotNet\EngineIoClientDotNet.csproj", "{2596BA35-6391-4955-9439-AAB7D0FE668A}"
EndProject
Project("{FAE04EC0-301F-11D3-BF4B-00C04F79EFBC}") = "EngineIoClientDotNet.Tests", "EngineIoClientDotNet.Tests\EngineIoClientDotNet.Tests.csproj", "{05954C40-D0B5-4557-ADFD-02A091064F44}"
EndProject
Global
	GlobalSection(SolutionConfigurationPlatforms) = preSolution
		Debug|Any CPU = Debug|Any CPU
		Release|Any CPU = Release|Any CPU
	EndGlobalSection
	GlobalSection(ProjectConfigurationPlatforms) = postSolution
		{2596BA35-6391-4955-9439-AAB7D0FE668A}.Debug|Any CPU.ActiveCfg = Debug|Any CPU
		{2596BA35-6391-4955-9439-AAB7D0FE668A}.Debug|Any CPU.Build.0 = Debug|Any CPU
		{2596BA35-6391-4955-9439-AAB7D0FE668A}.Release|Any CPU.ActiveCfg = Release|Any CPU
		{2596BA35-6391-4955-9439-AAB7D0FE668A}.Release|Any CPU.Build.0 = Release|Any CPU
		{05954C40-D0B5-4557-ADFD-02A091064F44}.Debug|Any CPU.ActiveCfg = Debug|Any CPU
		{05954C40-D0B5-4557-ADFD-02A091064F44}.Debug|Any CPU.Build.0 = Debug|Any CPU
		{05954C40-D0B5-4557-ADFD-02A091064F44}.Release|Any CPU.ActiveCfg = Release|Any CPU
		{05954C40-D0B5-4557-ADFD-02A091064F44}.Release|Any CPU.Build.0 = Release|Any CPU
	EndGlobalSection
	GlobalSection(SolutionProperties) = preSolution
		HideSolutionNode = FALSE
	EndGlobalSection
	GlobalSection(ExtensibilityGlobals) = postSolution
		SolutionGuid = {ABCEAB3D-05C7-4ACC-99B3-64BCECF1C2EE}
	EndGlobalSection
EndGlobal
