
Microsoft Visual Studio Solution File, Format Version 12.00
# Visual Studio 2013
VisualStudioVersion = 12.0.31101.0
MinimumVisualStudioVersion = 10.0.40219.1
Project("{E24C65DC-7377-472B-9ABA-BC803B73C61A}") = "grunt(1)", "http://localhost:8528", "{7F5CBDD0-5537-4B8B-AD7E-9F7E88600084}"
	ProjectSection(WebsiteProperties) = preProject
		UseIISExpress = "true"
		TargetFrameworkMoniker = ".NETFramework,Version%3Dv4.0"
		Debug.AspNetCompiler.VirtualPath = "/localhost_8528"
		Debug.AspNetCompiler.PhysicalPath = "..\..\grunt\"
		Debug.AspNetCompiler.TargetPath = "PrecompiledWeb\localhost_8528\"
		Debug.AspNetCompiler.Updateable = "true"
		Debug.AspNetCompiler.ForceOverwrite = "true"
		Debug.AspNetCompiler.FixedNames = "false"
		Debug.AspNetCompiler.Debug = "True"
		Release.AspNetCompiler.VirtualPath = "/localhost_8528"
		Release.AspNetCompiler.PhysicalPath = "..\..\grunt\"
		Release.AspNetCompiler.TargetPath = "PrecompiledWeb\localhost_8528\"
		Release.AspNetCompiler.Updateable = "true"
		Release.AspNetCompiler.ForceOverwrite = "true"
		Release.AspNetCompiler.FixedNames = "false"
		Release.AspNetCompiler.Debug = "False"
		SlnRelativePath = "..\..\grunt\"
	EndProjectSection
EndProject
Project("{FAE04EC0-301F-11D3-BF4B-00C04F79EFBC}") = "EngineIoClientDotNet.Xamarin-MonoTouch", "EngineIoClientDotNet.Xamarin-MonoTouch.csproj", "{491F98D3-B919-452A-A604-F087061403A7}"
EndProject
Project("{FAE04EC0-301F-11D3-BF4B-00C04F79EFBC}") = "EngineIoClientDotNet.Tests.Xamarin-MonoTouch.TestApp", "..\EngineIoClientDotNet.Tests.Xamarin-MonoTouch\EngineIoClientDotNet.Tests.Xamarin-MonoTouch.TestApp.csproj", "{A67E3D93-2C9F-4E45-AEED-A6E7AA629D59}"
EndProject
Global
	GlobalSection(SolutionConfigurationPlatforms) = preSolution
		Debug|Any CPU = Debug|Any CPU
		Debug|iPhone = Debug|iPhone
		Debug|iPhoneSimulator = Debug|iPhoneSimulator
		Release|Any CPU = Release|Any CPU
		Release|iPhone = Release|iPhone
		Release|iPhoneSimulator = Release|iPhoneSimulator
	EndGlobalSection
	GlobalSection(ProjectConfigurationPlatforms) = postSolution
		{7F5CBDD0-5537-4B8B-AD7E-9F7E88600084}.Debug|Any CPU.ActiveCfg = Debug|Any CPU
		{7F5CBDD0-5537-4B8B-AD7E-9F7E88600084}.Debug|Any CPU.Build.0 = Debug|Any CPU
		{7F5CBDD0-5537-4B8B-AD7E-9F7E88600084}.Debug|iPhone.ActiveCfg = Debug|Any CPU
		{7F5CBDD0-5537-4B8B-AD7E-9F7E88600084}.Debug|iPhone.Build.0 = Debug|Any CPU
		{7F5CBDD0-5537-4B8B-AD7E-9F7E88600084}.Debug|iPhoneSimulator.ActiveCfg = Debug|Any CPU
		{7F5CBDD0-5537-4B8B-AD7E-9F7E88600084}.Debug|iPhoneSimulator.Build.0 = Debug|Any CPU
		{7F5CBDD0-5537-4B8B-AD7E-9F7E88600084}.Release|Any CPU.ActiveCfg = Debug|Any CPU
		{7F5CBDD0-5537-4B8B-AD7E-9F7E88600084}.Release|Any CPU.Build.0 = Debug|Any CPU
		{7F5CBDD0-5537-4B8B-AD7E-9F7E88600084}.Release|iPhone.ActiveCfg = Debug|Any CPU
		{7F5CBDD0-5537-4B8B-AD7E-9F7E88600084}.Release|iPhone.Build.0 = Debug|Any CPU
		{7F5CBDD0-5537-4B8B-AD7E-9F7E88600084}.Release|iPhoneSimulator.ActiveCfg = Debug|Any CPU
		{7F5CBDD0-5537-4B8B-AD7E-9F7E88600084}.Release|iPhoneSimulator.Build.0 = Debug|Any CPU
		{491F98D3-B919-452A-A604-F087061403A7}.Debug|Any CPU.ActiveCfg = Debug|Any CPU
		{491F98D3-B919-452A-A604-F087061403A7}.Debug|Any CPU.Build.0 = Debug|Any CPU
		{491F98D3-B919-452A-A604-F087061403A7}.Debug|iPhone.ActiveCfg = Debug|Any CPU
		{491F98D3-B919-452A-A604-F087061403A7}.Debug|iPhone.Build.0 = Debug|Any CPU
		{491F98D3-B919-452A-A604-F087061403A7}.Debug|iPhoneSimulator.ActiveCfg = Debug|Any CPU
		{491F98D3-B919-452A-A604-F087061403A7}.Debug|iPhoneSimulator.Build.0 = Debug|Any CPU
		{491F98D3-B919-452A-A604-F087061403A7}.Release|Any CPU.ActiveCfg = Release|Any CPU
		{491F98D3-B919-452A-A604-F087061403A7}.Release|Any CPU.Build.0 = Release|Any CPU
		{491F98D3-B919-452A-A604-F087061403A7}.Release|iPhone.ActiveCfg = Release|Any CPU
		{491F98D3-B919-452A-A604-F087061403A7}.Release|iPhone.Build.0 = Release|Any CPU
		{491F98D3-B919-452A-A604-F087061403A7}.Release|iPhoneSimulator.ActiveCfg = Release|Any CPU
		{491F98D3-B919-452A-A604-F087061403A7}.Release|iPhoneSimulator.Build.0 = Release|Any CPU
		{A67E3D93-2C9F-4E45-AEED-A6E7AA629D59}.Debug|Any CPU.ActiveCfg = Debug|iPhone
		{A67E3D93-2C9F-4E45-AEED-A6E7AA629D59}.Debug|Any CPU.Build.0 = Debug|iPhone
		{A67E3D93-2C9F-4E45-AEED-A6E7AA629D59}.Debug|iPhone.ActiveCfg = Debug|iPhone
		{A67E3D93-2C9F-4E45-AEED-A6E7AA629D59}.Debug|iPhone.Build.0 = Debug|iPhone
		{A67E3D93-2C9F-4E45-AEED-A6E7AA629D59}.Debug|iPhoneSimulator.ActiveCfg = Debug|iPhoneSimulator
		{A67E3D93-2C9F-4E45-AEED-A6E7AA629D59}.Debug|iPhoneSimulator.Build.0 = Debug|iPhoneSimulator
		{A67E3D93-2C9F-4E45-AEED-A6E7AA629D59}.Release|Any CPU.ActiveCfg = Release|iPhone
		{A67E3D93-2C9F-4E45-AEED-A6E7AA629D59}.Release|Any CPU.Build.0 = Release|iPhone
		{A67E3D93-2C9F-4E45-AEED-A6E7AA629D59}.Release|iPhone.ActiveCfg = Release|iPhone
		{A67E3D93-2C9F-4E45-AEED-A6E7AA629D59}.Release|iPhone.Build.0 = Release|iPhone
		{A67E3D93-2C9F-4E45-AEED-A6E7AA629D59}.Release|iPhoneSimulator.ActiveCfg = Release|iPhoneSimulator
		{A67E3D93-2C9F-4E45-AEED-A6E7AA629D59}.Release|iPhoneSimulator.Build.0 = Release|iPhoneSimulator
	EndGlobalSection
	GlobalSection(SolutionProperties) = preSolution
		HideSolutionNode = FALSE
	EndGlobalSection
EndGlobal
